// !$*UTF8*$!
{
	archiveVersion = 1;
	classes = {
	};
	objectVersion = 56;
	objects = {

/* Begin PBXBuildFile section */
		CB7BA16D2BED9F1900CB8BC9 /* AppDelegate.swift in Sources */ = {isa = PBXBuildFile; fileRef = CB7BA16C2BED9F1900CB8BC9 /* AppDelegate.swift */; };
		CB7BA16F2BED9F1900CB8BC9 /* SceneDelegate.swift in Sources */ = {isa = PBXBuildFile; fileRef = CB7BA16E2BED9F1900CB8BC9 /* SceneDelegate.swift */; };
		CB7BA1762BED9F1A00CB8BC9 /* Assets.xcassets in Resources */ = {isa = PBXBuildFile; fileRef = CB7BA1752BED9F1A00CB8BC9 /* Assets.xcassets */; };
		CB7BA1792BED9F1A00CB8BC9 /* Base in Resources */ = {isa = PBXBuildFile; fileRef = CB7BA1782BED9F1A00CB8BC9 /* Base */; };
		CB7BA19E2BEDA35C00CB8BC9 /* TweetFeed.swift in Sources */ = {isa = PBXBuildFile; fileRef = CB7BA19D2BEDA35C00CB8BC9 /* TweetFeed.swift */; };
		CB7BA1A02BEDA3B500CB8BC9 /* User.swift in Sources */ = {isa = PBXBuildFile; fileRef = CB7BA19F2BEDA3B500CB8BC9 /* User.swift */; };
		CB7BA1A52BEDA4FD00CB8BC9 /* tweetDetailFake.json in Resources */ = {isa = PBXBuildFile; fileRef = CB7BA1A32BEDA4FD00CB8BC9 /* tweetDetailFake.json */; };
		CB7BA1A62BEDA4FD00CB8BC9 /* tweetFeedFake.json in Resources */ = {isa = PBXBuildFile; fileRef = CB7BA1A42BEDA4FD00CB8BC9 /* tweetFeedFake.json */; };
		CB7BA1A82BEDA6C900CB8BC9 /* TweetDetail.swift in Sources */ = {isa = PBXBuildFile; fileRef = CB7BA1A72BEDA6C900CB8BC9 /* TweetDetail.swift */; };
		CB7BA1B12BEDA91B00CB8BC9 /* TweetFeedTests.swift in Sources */ = {isa = PBXBuildFile; fileRef = CB7BA1B02BEDA91B00CB8BC9 /* TweetFeedTests.swift */; };
		CB7BA1BA2BEDAB7600CB8BC9 /* TweetDetailTests.swift in Sources */ = {isa = PBXBuildFile; fileRef = CB7BA1B92BEDAB7600CB8BC9 /* TweetDetailTests.swift */; };
/* End PBXBuildFile section */

/* Begin PBXContainerItemProxy section */
		CB7BA1802BED9F1A00CB8BC9 /* PBXContainerItemProxy */ = {
			isa = PBXContainerItemProxy;
			containerPortal = CB7BA1612BED9F1900CB8BC9 /* Project object */;
			proxyType = 1;
			remoteGlobalIDString = CB7BA1682BED9F1900CB8BC9;
			remoteInfo = "Social Mediafy";
		};
/* End PBXContainerItemProxy section */

/* Begin PBXFileReference section */
		CB7BA1692BED9F1900CB8BC9 /* Social Mediafy.app */ = {isa = PBXFileReference; explicitFileType = wrapper.application; includeInIndex = 0; path = "Social Mediafy.app"; sourceTree = BUILT_PRODUCTS_DIR; };
		CB7BA16C2BED9F1900CB8BC9 /* AppDelegate.swift */ = {isa = PBXFileReference; lastKnownFileType = sourcecode.swift; path = AppDelegate.swift; sourceTree = "<group>"; };
		CB7BA16E2BED9F1900CB8BC9 /* SceneDelegate.swift */ = {isa = PBXFileReference; lastKnownFileType = sourcecode.swift; path = SceneDelegate.swift; sourceTree = "<group>"; };
		CB7BA1752BED9F1A00CB8BC9 /* Assets.xcassets */ = {isa = PBXFileReference; lastKnownFileType = folder.assetcatalog; path = Assets.xcassets; sourceTree = "<group>"; };
		CB7BA1782BED9F1A00CB8BC9 /* Base */ = {isa = PBXFileReference; lastKnownFileType = file.storyboard; name = Base; path = Base.lproj/LaunchScreen.storyboard; sourceTree = "<group>"; };
		CB7BA17A2BED9F1A00CB8BC9 /* Info.plist */ = {isa = PBXFileReference; lastKnownFileType = text.plist.xml; path = Info.plist; sourceTree = "<group>"; };
		CB7BA17F2BED9F1A00CB8BC9 /* Social MediafyTests.xctest */ = {isa = PBXFileReference; explicitFileType = wrapper.cfbundle; includeInIndex = 0; path = "Social MediafyTests.xctest"; sourceTree = BUILT_PRODUCTS_DIR; };
		CB7BA19D2BEDA35C00CB8BC9 /* TweetFeed.swift */ = {isa = PBXFileReference; lastKnownFileType = sourcecode.swift; path = TweetFeed.swift; sourceTree = "<group>"; };
		CB7BA19F2BEDA3B500CB8BC9 /* User.swift */ = {isa = PBXFileReference; lastKnownFileType = sourcecode.swift; path = User.swift; sourceTree = "<group>"; };
		CB7BA1A32BEDA4FD00CB8BC9 /* tweetDetailFake.json */ = {isa = PBXFileReference; fileEncoding = 4; lastKnownFileType = text.json; path = tweetDetailFake.json; sourceTree = "<group>"; };
		CB7BA1A42BEDA4FD00CB8BC9 /* tweetFeedFake.json */ = {isa = PBXFileReference; fileEncoding = 4; lastKnownFileType = text.json; path = tweetFeedFake.json; sourceTree = "<group>"; };
		CB7BA1A72BEDA6C900CB8BC9 /* TweetDetail.swift */ = {isa = PBXFileReference; lastKnownFileType = sourcecode.swift; path = TweetDetail.swift; sourceTree = "<group>"; };
		CB7BA1B02BEDA91B00CB8BC9 /* TweetFeedTests.swift */ = {isa = PBXFileReference; lastKnownFileType = sourcecode.swift; path = TweetFeedTests.swift; sourceTree = "<group>"; };
		CB7BA1B92BEDAB7600CB8BC9 /* TweetDetailTests.swift */ = {isa = PBXFileReference; lastKnownFileType = sourcecode.swift; path = TweetDetailTests.swift; sourceTree = "<group>"; };
/* End PBXFileReference section */

/* Begin PBXFrameworksBuildPhase section */
		CB7BA1662BED9F1900CB8BC9 /* Frameworks */ = {
			isa = PBXFrameworksBuildPhase;
			buildActionMask = 2147483647;
			files = (
			);
			runOnlyForDeploymentPostprocessing = 0;
		};
		CB7BA17C2BED9F1A00CB8BC9 /* Frameworks */ = {
			isa = PBXFrameworksBuildPhase;
			buildActionMask = 2147483647;
			files = (
			);
			runOnlyForDeploymentPostprocessing = 0;
		};
/* End PBXFrameworksBuildPhase section */

/* Begin PBXGroup section */
		CB7BA1602BED9F1900CB8BC9 = {
			isa = PBXGroup;
			children = (
				CB7BA16B2BED9F1900CB8BC9 /* Social Mediafy */,
				CB7BA1822BED9F1A00CB8BC9 /* Social MediafyTests */,
				CB7BA16A2BED9F1900CB8BC9 /* Products */,
			);
			sourceTree = "<group>";
		};
		CB7BA16A2BED9F1900CB8BC9 /* Products */ = {
			isa = PBXGroup;
			children = (
				CB7BA1692BED9F1900CB8BC9 /* Social Mediafy.app */,
				CB7BA17F2BED9F1A00CB8BC9 /* Social MediafyTests.xctest */,
			);
			name = Products;
			sourceTree = "<group>";
		};
		CB7BA16B2BED9F1900CB8BC9 /* Social Mediafy */ = {
			isa = PBXGroup;
			children = (
				CB7BA19C2BEDA1F900CB8BC9 /* Models */,
				CB7BA16C2BED9F1900CB8BC9 /* AppDelegate.swift */,
				CB7BA16E2BED9F1900CB8BC9 /* SceneDelegate.swift */,
				CB7BA1752BED9F1A00CB8BC9 /* Assets.xcassets */,
				CB7BA1772BED9F1A00CB8BC9 /* LaunchScreen.storyboard */,
				CB7BA17A2BED9F1A00CB8BC9 /* Info.plist */,
			);
			path = "Social Mediafy";
			sourceTree = "<group>";
		};
		CB7BA1822BED9F1A00CB8BC9 /* Social MediafyTests */ = {
			isa = PBXGroup;
			children = (
				CB7BA1A92BEDA74F00CB8BC9 /* Model */,
				CB7BA1A22BEDA4CA00CB8BC9 /* Utilities */,
			);
			path = "Social MediafyTests";
			sourceTree = "<group>";
		};
		CB7BA19C2BEDA1F900CB8BC9 /* Models */ = {
			isa = PBXGroup;
			children = (
				CB7BA19D2BEDA35C00CB8BC9 /* TweetFeed.swift */,
				CB7BA1A72BEDA6C900CB8BC9 /* TweetDetail.swift */,
				CB7BA19F2BEDA3B500CB8BC9 /* User.swift */,
			);
			path = Models;
			sourceTree = "<group>";
		};
		CB7BA1A22BEDA4CA00CB8BC9 /* Utilities */ = {
			isa = PBXGroup;
			children = (
				CB7BA1A42BEDA4FD00CB8BC9 /* tweetFeedFake.json */,
				CB7BA1A32BEDA4FD00CB8BC9 /* tweetDetailFake.json */,
			);
			path = Utilities;
			sourceTree = "<group>";
		};
		CB7BA1A92BEDA74F00CB8BC9 /* Model */ = {
			isa = PBXGroup;
			children = (
				CB7BA1B02BEDA91B00CB8BC9 /* TweetFeedTests.swift */,
				CB7BA1B92BEDAB7600CB8BC9 /* TweetDetailTests.swift */,
			);
			path = Model;
			sourceTree = "<group>";
		};
/* End PBXGroup section */

/* Begin PBXNativeTarget section */
		CB7BA1682BED9F1900CB8BC9 /* Social Mediafy */ = {
			isa = PBXNativeTarget;
			buildConfigurationList = CB7BA1932BED9F1A00CB8BC9 /* Build configuration list for PBXNativeTarget "Social Mediafy" */;
			buildPhases = (
				CB7BA1652BED9F1900CB8BC9 /* Sources */,
				CB7BA1662BED9F1900CB8BC9 /* Frameworks */,
				CB7BA1672BED9F1900CB8BC9 /* Resources */,
			);
			buildRules = (
			);
			dependencies = (
			);
			name = "Social Mediafy";
			productName = "Social Mediafy";
			productReference = CB7BA1692BED9F1900CB8BC9 /* Social Mediafy.app */;
			productType = "com.apple.product-type.application";
		};
		CB7BA17E2BED9F1A00CB8BC9 /* Social MediafyTests */ = {
			isa = PBXNativeTarget;
			buildConfigurationList = CB7BA1962BED9F1A00CB8BC9 /* Build configuration list for PBXNativeTarget "Social MediafyTests" */;
			buildPhases = (
				CB7BA17B2BED9F1A00CB8BC9 /* Sources */,
				CB7BA17C2BED9F1A00CB8BC9 /* Frameworks */,
				CB7BA17D2BED9F1A00CB8BC9 /* Resources */,
			);
			buildRules = (
			);
			dependencies = (
				CB7BA1812BED9F1A00CB8BC9 /* PBXTargetDependency */,
			);
			name = "Social MediafyTests";
			productName = "Social MediafyTests";
			productReference = CB7BA17F2BED9F1A00CB8BC9 /* Social MediafyTests.xctest */;
			productType = "com.apple.product-type.bundle.unit-test";
		};
/* End PBXNativeTarget section */

/* Begin PBXProject section */
		CB7BA1612BED9F1900CB8BC9 /* Project object */ = {
			isa = PBXProject;
			attributes = {
				BuildIndependentTargetsInParallel = 1;
				LastSwiftUpdateCheck = 1530;
				LastUpgradeCheck = 1530;
				TargetAttributes = {
					CB7BA1682BED9F1900CB8BC9 = {
						CreatedOnToolsVersion = 15.3;
					};
					CB7BA17E2BED9F1A00CB8BC9 = {
						CreatedOnToolsVersion = 15.3;
						LastSwiftMigration = 1530;
						TestTargetID = CB7BA1682BED9F1900CB8BC9;
					};
				};
			};
			buildConfigurationList = CB7BA1642BED9F1900CB8BC9 /* Build configuration list for PBXProject "Social Mediafy" */;
			compatibilityVersion = "Xcode 14.0";
			developmentRegion = en;
			hasScannedForEncodings = 0;
			knownRegions = (
				en,
				Base,
			);
			mainGroup = CB7BA1602BED9F1900CB8BC9;
			productRefGroup = CB7BA16A2BED9F1900CB8BC9 /* Products */;
			projectDirPath = "";
			projectRoot = "";
			targets = (
				CB7BA1682BED9F1900CB8BC9 /* Social Mediafy */,
				CB7BA17E2BED9F1A00CB8BC9 /* Social MediafyTests */,
			);
		};
/* End PBXProject section */

/* Begin PBXResourcesBuildPhase section */
		CB7BA1672BED9F1900CB8BC9 /* Resources */ = {
			isa = PBXResourcesBuildPhase;
			buildActionMask = 2147483647;
			files = (
				CB7BA1762BED9F1A00CB8BC9 /* Assets.xcassets in Resources */,
				CB7BA1792BED9F1A00CB8BC9 /* Base in Resources */,
			);
			runOnlyForDeploymentPostprocessing = 0;
		};
		CB7BA17D2BED9F1A00CB8BC9 /* Resources */ = {
			isa = PBXResourcesBuildPhase;
			buildActionMask = 2147483647;
			files = (
				CB7BA1A62BEDA4FD00CB8BC9 /* tweetFeedFake.json in Resources */,
				CB7BA1A52BEDA4FD00CB8BC9 /* tweetDetailFake.json in Resources */,
			);
			runOnlyForDeploymentPostprocessing = 0;
		};
/* End PBXResourcesBuildPhase section */

/* Begin PBXSourcesBuildPhase section */
		CB7BA1652BED9F1900CB8BC9 /* Sources */ = {
			isa = PBXSourcesBuildPhase;
			buildActionMask = 2147483647;
			files = (
				CB7BA1A02BEDA3B500CB8BC9 /* User.swift in Sources */,
				CB7BA1A82BEDA6C900CB8BC9 /* TweetDetail.swift in Sources */,
				CB7BA19E2BEDA35C00CB8BC9 /* TweetFeed.swift in Sources */,
				CB7BA16D2BED9F1900CB8BC9 /* AppDelegate.swift in Sources */,
				CB7BA16F2BED9F1900CB8BC9 /* SceneDelegate.swift in Sources */,
			);
			runOnlyForDeploymentPostprocessing = 0;
		};
		CB7BA17B2BED9F1A00CB8BC9 /* Sources */ = {
			isa = PBXSourcesBuildPhase;
			buildActionMask = 2147483647;
			files = (
				CB7BA1BA2BEDAB7600CB8BC9 /* TweetDetailTests.swift in Sources */,
				CB7BA1B12BEDA91B00CB8BC9 /* TweetFeedTests.swift in Sources */,
			);
			runOnlyForDeploymentPostprocessing = 0;
		};
/* End PBXSourcesBuildPhase section */

/* Begin PBXTargetDependency section */
		CB7BA1812BED9F1A00CB8BC9 /* PBXTargetDependency */ = {
			isa = PBXTargetDependency;
			target = CB7BA1682BED9F1900CB8BC9 /* Social Mediafy */;
			targetProxy = CB7BA1802BED9F1A00CB8BC9 /* PBXContainerItemProxy */;
		};
/* End PBXTargetDependency section */

/* Begin PBXVariantGroup section */
		CB7BA1772BED9F1A00CB8BC9 /* LaunchScreen.storyboard */ = {
			isa = PBXVariantGroup;
			children = (
				CB7BA1782BED9F1A00CB8BC9 /* Base */,
			);
			name = LaunchScreen.storyboard;
			sourceTree = "<group>";
		};
/* End PBXVariantGroup section */

/* Begin XCBuildConfiguration section */
		CB7BA1912BED9F1A00CB8BC9 /* Debug */ = {
			isa = XCBuildConfiguration;
			buildSettings = {
				ALWAYS_SEARCH_USER_PATHS = NO;
				ASSETCATALOG_COMPILER_GENERATE_SWIFT_ASSET_SYMBOL_EXTENSIONS = YES;
				CLANG_ANALYZER_NONNULL = YES;
				CLANG_ANALYZER_NUMBER_OBJECT_CONVERSION = YES_AGGRESSIVE;
				CLANG_CXX_LANGUAGE_STANDARD = "gnu++20";
				CLANG_ENABLE_MODULES = YES;
				CLANG_ENABLE_OBJC_ARC = YES;
				CLANG_ENABLE_OBJC_WEAK = YES;
				CLANG_WARN_BLOCK_CAPTURE_AUTORELEASING = YES;
				CLANG_WARN_BOOL_CONVERSION = YES;
				CLANG_WARN_COMMA = YES;
				CLANG_WARN_CONSTANT_CONVERSION = YES;
				CLANG_WARN_DEPRECATED_OBJC_IMPLEMENTATIONS = YES;
				CLANG_WARN_DIRECT_OBJC_ISA_USAGE = YES_ERROR;
				CLANG_WARN_DOCUMENTATION_COMMENTS = YES;
				CLANG_WARN_EMPTY_BODY = YES;
				CLANG_WARN_ENUM_CONVERSION = YES;
				CLANG_WARN_INFINITE_RECURSION = YES;
				CLANG_WARN_INT_CONVERSION = YES;
				CLANG_WARN_NON_LITERAL_NULL_CONVERSION = YES;
				CLANG_WARN_OBJC_IMPLICIT_RETAIN_SELF = YES;
				CLANG_WARN_OBJC_LITERAL_CONVERSION = YES;
				CLANG_WARN_OBJC_ROOT_CLASS = YES_ERROR;
				CLANG_WARN_QUOTED_INCLUDE_IN_FRAMEWORK_HEADER = YES;
				CLANG_WARN_RANGE_LOOP_ANALYSIS = YES;
				CLANG_WARN_STRICT_PROTOTYPES = YES;
				CLANG_WARN_SUSPICIOUS_MOVE = YES;
				CLANG_WARN_UNGUARDED_AVAILABILITY = YES_AGGRESSIVE;
				CLANG_WARN_UNREACHABLE_CODE = YES;
				CLANG_WARN__DUPLICATE_METHOD_MATCH = YES;
				COPY_PHASE_STRIP = NO;
				DEBUG_INFORMATION_FORMAT = dwarf;
				ENABLE_STRICT_OBJC_MSGSEND = YES;
				ENABLE_TESTABILITY = YES;
				ENABLE_USER_SCRIPT_SANDBOXING = YES;
				GCC_C_LANGUAGE_STANDARD = gnu17;
				GCC_DYNAMIC_NO_PIC = NO;
				GCC_NO_COMMON_BLOCKS = YES;
				GCC_OPTIMIZATION_LEVEL = 0;
				GCC_PREPROCESSOR_DEFINITIONS = (
					"DEBUG=1",
					"$(inherited)",
				);
				GCC_WARN_64_TO_32_BIT_CONVERSION = YES;
				GCC_WARN_ABOUT_RETURN_TYPE = YES_ERROR;
				GCC_WARN_UNDECLARED_SELECTOR = YES;
				GCC_WARN_UNINITIALIZED_AUTOS = YES_AGGRESSIVE;
				GCC_WARN_UNUSED_FUNCTION = YES;
				GCC_WARN_UNUSED_VARIABLE = YES;
				IPHONEOS_DEPLOYMENT_TARGET = 17.4;
				LOCALIZATION_PREFERS_STRING_CATALOGS = YES;
				MTL_ENABLE_DEBUG_INFO = INCLUDE_SOURCE;
				MTL_FAST_MATH = YES;
				ONLY_ACTIVE_ARCH = YES;
				SDKROOT = iphoneos;
				SWIFT_ACTIVE_COMPILATION_CONDITIONS = "DEBUG $(inherited)";
				SWIFT_OPTIMIZATION_LEVEL = "-Onone";
			};
			name = Debug;
		};
		CB7BA1922BED9F1A00CB8BC9 /* Release */ = {
			isa = XCBuildConfiguration;
			buildSettings = {
				ALWAYS_SEARCH_USER_PATHS = NO;
				ASSETCATALOG_COMPILER_GENERATE_SWIFT_ASSET_SYMBOL_EXTENSIONS = YES;
				CLANG_ANALYZER_NONNULL = YES;
				CLANG_ANALYZER_NUMBER_OBJECT_CONVERSION = YES_AGGRESSIVE;
				CLANG_CXX_LANGUAGE_STANDARD = "gnu++20";
				CLANG_ENABLE_MODULES = YES;
				CLANG_ENABLE_OBJC_ARC = YES;
				CLANG_ENABLE_OBJC_WEAK = YES;
				CLANG_WARN_BLOCK_CAPTURE_AUTORELEASING = YES;
				CLANG_WARN_BOOL_CONVERSION = YES;
				CLANG_WARN_COMMA = YES;
				CLANG_WARN_CONSTANT_CONVERSION = YES;
				CLANG_WARN_DEPRECATED_OBJC_IMPLEMENTATIONS = YES;
				CLANG_WARN_DIRECT_OBJC_ISA_USAGE = YES_ERROR;
				CLANG_WARN_DOCUMENTATION_COMMENTS = YES;
				CLANG_WARN_EMPTY_BODY = YES;
				CLANG_WARN_ENUM_CONVERSION = YES;
				CLANG_WARN_INFINITE_RECURSION = YES;
				CLANG_WARN_INT_CONVERSION = YES;
				CLANG_WARN_NON_LITERAL_NULL_CONVERSION = YES;
				CLANG_WARN_OBJC_IMPLICIT_RETAIN_SELF = YES;
				CLANG_WARN_OBJC_LITERAL_CONVERSION = YES;
				CLANG_WARN_OBJC_ROOT_CLASS = YES_ERROR;
				CLANG_WARN_QUOTED_INCLUDE_IN_FRAMEWORK_HEADER = YES;
				CLANG_WARN_RANGE_LOOP_ANALYSIS = YES;
				CLANG_WARN_STRICT_PROTOTYPES = YES;
				CLANG_WARN_SUSPICIOUS_MOVE = YES;
				CLANG_WARN_UNGUARDED_AVAILABILITY = YES_AGGRESSIVE;
				CLANG_WARN_UNREACHABLE_CODE = YES;
				CLANG_WARN__DUPLICATE_METHOD_MATCH = YES;
				COPY_PHASE_STRIP = NO;
				DEBUG_INFORMATION_FORMAT = "dwarf-with-dsym";
				ENABLE_NS_ASSERTIONS = NO;
				ENABLE_STRICT_OBJC_MSGSEND = YES;
				ENABLE_USER_SCRIPT_SANDBOXING = YES;
				GCC_C_LANGUAGE_STANDARD = gnu17;
				GCC_NO_COMMON_BLOCKS = YES;
				GCC_WARN_64_TO_32_BIT_CONVERSION = YES;
				GCC_WARN_ABOUT_RETURN_TYPE = YES_ERROR;
				GCC_WARN_UNDECLARED_SELECTOR = YES;
				GCC_WARN_UNINITIALIZED_AUTOS = YES_AGGRESSIVE;
				GCC_WARN_UNUSED_FUNCTION = YES;
				GCC_WARN_UNUSED_VARIABLE = YES;
				IPHONEOS_DEPLOYMENT_TARGET = 17.4;
				LOCALIZATION_PREFERS_STRING_CATALOGS = YES;
				MTL_ENABLE_DEBUG_INFO = NO;
				MTL_FAST_MATH = YES;
				SDKROOT = iphoneos;
				SWIFT_COMPILATION_MODE = wholemodule;
				VALIDATE_PRODUCT = YES;
			};
			name = Release;
		};
		CB7BA1942BED9F1A00CB8BC9 /* Debug */ = {
			isa = XCBuildConfiguration;
			buildSettings = {
				ASSETCATALOG_COMPILER_APPICON_NAME = AppIcon;
				ASSETCATALOG_COMPILER_GLOBAL_ACCENT_COLOR_NAME = AccentColor;
				CODE_SIGN_STYLE = Automatic;
				CURRENT_PROJECT_VERSION = 1;
				DEVELOPMENT_TEAM = U84CV9QTZ3;
				GENERATE_INFOPLIST_FILE = YES;
				INFOPLIST_FILE = "Social Mediafy/Info.plist";
				INFOPLIST_KEY_UIApplicationSupportsIndirectInputEvents = YES;
				INFOPLIST_KEY_UILaunchStoryboardName = LaunchScreen;
				INFOPLIST_KEY_UISupportedInterfaceOrientations = UIInterfaceOrientationPortrait;
				INFOPLIST_KEY_UISupportedInterfaceOrientations_iPad = "UIInterfaceOrientationLandscapeLeft UIInterfaceOrientationLandscapeRight UIInterfaceOrientationPortrait UIInterfaceOrientationPortraitUpsideDown";
				IPHONEOS_DEPLOYMENT_TARGET = 15.0;
				LD_RUNPATH_SEARCH_PATHS = (
					"$(inherited)",
					"@executable_path/Frameworks",
				);
				MARKETING_VERSION = 1.0;
				PRODUCT_BUNDLE_IDENTIFIER = "jp.com.Social-Mediafy";
				PRODUCT_NAME = "$(TARGET_NAME)";
				SUPPORTED_PLATFORMS = "iphoneos iphonesimulator";
				SUPPORTS_MACCATALYST = NO;
				SUPPORTS_MAC_DESIGNED_FOR_IPHONE_IPAD = NO;
				SUPPORTS_XR_DESIGNED_FOR_IPHONE_IPAD = NO;
				SWIFT_EMIT_LOC_STRINGS = YES;
				SWIFT_VERSION = 5.0;
				TARGETED_DEVICE_FAMILY = 1;
			};
			name = Debug;
		};
		CB7BA1952BED9F1A00CB8BC9 /* Release */ = {
			isa = XCBuildConfiguration;
			buildSettings = {
				ASSETCATALOG_COMPILER_APPICON_NAME = AppIcon;
				ASSETCATALOG_COMPILER_GLOBAL_ACCENT_COLOR_NAME = AccentColor;
				CODE_SIGN_STYLE = Automatic;
				CURRENT_PROJECT_VERSION = 1;
				DEVELOPMENT_TEAM = U84CV9QTZ3;
				GENERATE_INFOPLIST_FILE = YES;
				INFOPLIST_FILE = "Social Mediafy/Info.plist";
				INFOPLIST_KEY_UIApplicationSupportsIndirectInputEvents = YES;
				INFOPLIST_KEY_UILaunchStoryboardName = LaunchScreen;
				INFOPLIST_KEY_UISupportedInterfaceOrientations = UIInterfaceOrientationPortrait;
				INFOPLIST_KEY_UISupportedInterfaceOrientations_iPad = "UIInterfaceOrientationLandscapeLeft UIInterfaceOrientationLandscapeRight UIInterfaceOrientationPortrait UIInterfaceOrientationPortraitUpsideDown";
				IPHONEOS_DEPLOYMENT_TARGET = 15.0;
				LD_RUNPATH_SEARCH_PATHS = (
					"$(inherited)",
					"@executable_path/Frameworks",
				);
				MARKETING_VERSION = 1.0;
				PRODUCT_BUNDLE_IDENTIFIER = "jp.com.Social-Mediafy";
				PRODUCT_NAME = "$(TARGET_NAME)";
				SUPPORTED_PLATFORMS = "iphoneos iphonesimulator";
				SUPPORTS_MACCATALYST = NO;
				SUPPORTS_MAC_DESIGNED_FOR_IPHONE_IPAD = NO;
				SUPPORTS_XR_DESIGNED_FOR_IPHONE_IPAD = NO;
				SWIFT_EMIT_LOC_STRINGS = YES;
				SWIFT_VERSION = 5.0;
				TARGETED_DEVICE_FAMILY = 1;
			};
			name = Release;
		};
		CB7BA1972BED9F1A00CB8BC9 /* Debug */ = {
			isa = XCBuildConfiguration;
			buildSettings = {
				ALWAYS_EMBED_SWIFT_STANDARD_LIBRARIES = YES;
				BUNDLE_LOADER = "$(TEST_HOST)";
				CLANG_ENABLE_MODULES = YES;
				CODE_SIGN_STYLE = Automatic;
				CURRENT_PROJECT_VERSION = 1;
				DEVELOPMENT_TEAM = U84CV9QTZ3;
				GENERATE_INFOPLIST_FILE = YES;
				IPHONEOS_DEPLOYMENT_TARGET = 15.0;
				MARKETING_VERSION = 1.0;
				PRODUCT_BUNDLE_IDENTIFIER = "jp.com.Social-MediafyTests";
				PRODUCT_NAME = "$(TARGET_NAME)";
				SUPPORTED_PLATFORMS = "iphoneos iphonesimulator";
				SUPPORTS_MACCATALYST = NO;
				SUPPORTS_MAC_DESIGNED_FOR_IPHONE_IPAD = NO;
				SUPPORTS_XR_DESIGNED_FOR_IPHONE_IPAD = NO;
				SWIFT_EMIT_LOC_STRINGS = NO;
				SWIFT_OPTIMIZATION_LEVEL = "-Onone";
				SWIFT_VERSION = 5.0;
				TARGETED_DEVICE_FAMILY = 1;
				TEST_HOST = "$(BUILT_PRODUCTS_DIR)/Social Mediafy.app/$(BUNDLE_EXECUTABLE_FOLDER_PATH)/Social Mediafy";
			};
			name = Debug;
		};
		CB7BA1982BED9F1A00CB8BC9 /* Release */ = {
			isa = XCBuildConfiguration;
			buildSettings = {
				ALWAYS_EMBED_SWIFT_STANDARD_LIBRARIES = YES;
				BUNDLE_LOADER = "$(TEST_HOST)";
				CLANG_ENABLE_MODULES = YES;
				CODE_SIGN_STYLE = Automatic;
				CURRENT_PROJECT_VERSION = 1;
				DEVELOPMENT_TEAM = U84CV9QTZ3;
				GENERATE_INFOPLIST_FILE = YES;
				IPHONEOS_DEPLOYMENT_TARGET = 15.0;
				MARKETING_VERSION = 1.0;
				PRODUCT_BUNDLE_IDENTIFIER = "jp.com.Social-MediafyTests";
				PRODUCT_NAME = "$(TARGET_NAME)";
				SUPPORTED_PLATFORMS = "iphoneos iphonesimulator";
				SUPPORTS_MACCATALYST = NO;
				SUPPORTS_MAC_DESIGNED_FOR_IPHONE_IPAD = NO;
				SUPPORTS_XR_DESIGNED_FOR_IPHONE_IPAD = NO;
				SWIFT_EMIT_LOC_STRINGS = NO;
				SWIFT_VERSION = 5.0;
				TARGETED_DEVICE_FAMILY = 1;
				TEST_HOST = "$(BUILT_PRODUCTS_DIR)/Social Mediafy.app/$(BUNDLE_EXECUTABLE_FOLDER_PATH)/Social Mediafy";
			};
			name = Release;
		};
/* End XCBuildConfiguration section */

/* Begin XCConfigurationList section */
		CB7BA1642BED9F1900CB8BC9 /* Build configuration list for PBXProject "Social Mediafy" */ = {
			isa = XCConfigurationList;
			buildConfigurations = (
				CB7BA1912BED9F1A00CB8BC9 /* Debug */,
				CB7BA1922BED9F1A00CB8BC9 /* Release */,
			);
			defaultConfigurationIsVisible = 0;
			defaultConfigurationName = Release;
		};
		CB7BA1932BED9F1A00CB8BC9 /* Build configuration list for PBXNativeTarget "Social Mediafy" */ = {
			isa = XCConfigurationList;
			buildConfigurations = (
				CB7BA1942BED9F1A00CB8BC9 /* Debug */,
				CB7BA1952BED9F1A00CB8BC9 /* Release */,
			);
			defaultConfigurationIsVisible = 0;
			defaultConfigurationName = Release;
		};
		CB7BA1962BED9F1A00CB8BC9 /* Build configuration list for PBXNativeTarget "Social MediafyTests" */ = {
			isa = XCConfigurationList;
			buildConfigurations = (
				CB7BA1972BED9F1A00CB8BC9 /* Debug */,
				CB7BA1982BED9F1A00CB8BC9 /* Release */,
			);
			defaultConfigurationIsVisible = 0;
			defaultConfigurationName = Release;
		};
/* End XCConfigurationList section */
	};
	rootObject = CB7BA1612BED9F1900CB8BC9 /* Project object */;
}
